
Microsoft Visual Studio Solution File, Format Version 12.00
# Visual Studio Version 17
VisualStudioVersion = 17.0.32126.317
MinimumVisualStudioVersion = 10.0.40219.1
Project("{2150E333-8FDC-42A3-9474-1A3956D46DE8}") = "src", "src", "{180B3D67-3D48-4DFA-B153-C3CFA29DFB9D}"
EndProject
Project("{2150E333-8FDC-42A3-9474-1A3956D46DE8}") = "Bootstraper", "Bootstraper", "{0D3C6CB6-5238-465A-B071-A1511B5CECA2}"
EndProject
Project("{2150E333-8FDC-42A3-9474-1A3956D46DE8}") = "Modules", "Modules", "{88141B21-B079-485F-99E5-8E64F36D93C0}"
EndProject
Project("{2150E333-8FDC-42A3-9474-1A3956D46DE8}") = "Shared", "Shared", "{F049C1D8-880D-4F19-AB85-F59C6BD688BC}"
EndProject
Project("{9A19103F-16F7-4668-BE54-9A1E7A4F7556}") = "Inflow.Shared.Abstractions", "src\Shared\Inflow.Shared.Abstractions\Inflow.Shared.Abstractions.csproj", "{F455BEFA-9F4D-46C5-81C8-CE0D6165595C}"
EndProject
Project("{9A19103F-16F7-4668-BE54-9A1E7A4F7556}") = "Inflow.Shared.Infrastructure", "src\Shared\Inflow.Shared.Infrastructure\Inflow.Shared.Infrastructure.csproj", "{62489ECC-55E6-4446-AEF4-D37E064FA14D}"
EndProject
Project("{9A19103F-16F7-4668-BE54-9A1E7A4F7556}") = "Inflow.Modules.Customers.Api", "src\Modules\Customers\Inflow.Modules.Customers\Inflow.Modules.Customers.Api.csproj", "{40972E47-50C3-431B-A9A0-7A39A79AEE6B}"
EndProject
Project("{9A19103F-16F7-4668-BE54-9A1E7A4F7556}") = "Inflow.Modules.Customers.Core", "src\Modules\Customers\Inflow.Modules.Customers.Core\Inflow.Modules.Customers.Core.csproj", "{20D6F5BA-B206-4871-83D8-0DB45BCD18A1}"
EndProject
Project("{FAE04EC0-301F-11D3-BF4B-00C04F79EFBC}") = "Inflow.Bootstrapper", "src\Bootstrapper\Inflow.Bootstrapper\Inflow.Bootstrapper.csproj", "{BADB805F-04C7-4024-B523-07201F2FF199}"
EndProject
Global
	GlobalSection(SolutionConfigurationPlatforms) = preSolution
		Debug|Any CPU = Debug|Any CPU
		Release|Any CPU = Release|Any CPU
	EndGlobalSection
	GlobalSection(ProjectConfigurationPlatforms) = postSolution
		{F455BEFA-9F4D-46C5-81C8-CE0D6165595C}.Debug|Any CPU.ActiveCfg = Debug|Any CPU
		{F455BEFA-9F4D-46C5-81C8-CE0D6165595C}.Debug|Any CPU.Build.0 = Debug|Any CPU
		{F455BEFA-9F4D-46C5-81C8-CE0D6165595C}.Release|Any CPU.ActiveCfg = Release|Any CPU
		{F455BEFA-9F4D-46C5-81C8-CE0D6165595C}.Release|Any CPU.Build.0 = Release|Any CPU
		{62489ECC-55E6-4446-AEF4-D37E064FA14D}.Debug|Any CPU.ActiveCfg = Debug|Any CPU
		{62489ECC-55E6-4446-AEF4-D37E064FA14D}.Debug|Any CPU.Build.0 = Debug|Any CPU
		{62489ECC-55E6-4446-AEF4-D37E064FA14D}.Release|Any CPU.ActiveCfg = Release|Any CPU
		{62489ECC-55E6-4446-AEF4-D37E064FA14D}.Release|Any CPU.Build.0 = Release|Any CPU
		{40972E47-50C3-431B-A9A0-7A39A79AEE6B}.Debug|Any CPU.ActiveCfg = Debug|Any CPU
		{40972E47-50C3-431B-A9A0-7A39A79AEE6B}.Debug|Any CPU.Build.0 = Debug|Any CPU
		{40972E47-50C3-431B-A9A0-7A39A79AEE6B}.Release|Any CPU.ActiveCfg = Release|Any CPU
		{40972E47-50C3-431B-A9A0-7A39A79AEE6B}.Release|Any CPU.Build.0 = Release|Any CPU
		{20D6F5BA-B206-4871-83D8-0DB45BCD18A1}.Debug|Any CPU.ActiveCfg = Debug|Any CPU
		{20D6F5BA-B206-4871-83D8-0DB45BCD18A1}.Debug|Any CPU.Build.0 = Debug|Any CPU
		{20D6F5BA-B206-4871-83D8-0DB45BCD18A1}.Release|Any CPU.ActiveCfg = Release|Any CPU
		{20D6F5BA-B206-4871-83D8-0DB45BCD18A1}.Release|Any CPU.Build.0 = Release|Any CPU
		{BADB805F-04C7-4024-B523-07201F2FF199}.Debug|Any CPU.ActiveCfg = Debug|Any CPU
		{BADB805F-04C7-4024-B523-07201F2FF199}.Debug|Any CPU.Build.0 = Debug|Any CPU
		{BADB805F-04C7-4024-B523-07201F2FF199}.Release|Any CPU.ActiveCfg = Release|Any CPU
		{BADB805F-04C7-4024-B523-07201F2FF199}.Release|Any CPU.Build.0 = Release|Any CPU
	EndGlobalSection
	GlobalSection(SolutionProperties) = preSolution
		HideSolutionNode = FALSE
	EndGlobalSection
	GlobalSection(NestedProjects) = preSolution
		{0D3C6CB6-5238-465A-B071-A1511B5CECA2} = {180B3D67-3D48-4DFA-B153-C3CFA29DFB9D}
		{88141B21-B079-485F-99E5-8E64F36D93C0} = {180B3D67-3D48-4DFA-B153-C3CFA29DFB9D}
		{F049C1D8-880D-4F19-AB85-F59C6BD688BC} = {180B3D67-3D48-4DFA-B153-C3CFA29DFB9D}
		{F455BEFA-9F4D-46C5-81C8-CE0D6165595C} = {F049C1D8-880D-4F19-AB85-F59C6BD688BC}
		{62489ECC-55E6-4446-AEF4-D37E064FA14D} = {F049C1D8-880D-4F19-AB85-F59C6BD688BC}
		{40972E47-50C3-431B-A9A0-7A39A79AEE6B} = {88141B21-B079-485F-99E5-8E64F36D93C0}
		{20D6F5BA-B206-4871-83D8-0DB45BCD18A1} = {88141B21-B079-485F-99E5-8E64F36D93C0}
		{BADB805F-04C7-4024-B523-07201F2FF199} = {0D3C6CB6-5238-465A-B071-A1511B5CECA2}
	EndGlobalSection
	GlobalSection(ExtensibilityGlobals) = postSolution
		SolutionGuid = {9D0657FD-F3E0-4EB8-B205-04BB76E8488F}
	EndGlobalSection
EndGlobal
